
Microsoft Visual Studio Solution File, Format Version 12.00
# Visual Studio Version 17
VisualStudioVersion = 17.7.34031.279
MinimumVisualStudioVersion = 10.0.40219.1
Project("{FAE04EC0-301F-11D3-BF4B-00C04F79EFBC}") = "train-reservation-system-server", "train-reservation-system-server\train-reservation-system-server.csproj", "{CC3DB97C-936B-4AA5-A8F2-2F0404E84397}"
EndProject
Global
	GlobalSection(SolutionConfigurationPlatforms) = preSolution
		Debug|Any CPU = Debug|Any CPU
		Release|Any CPU = Release|Any CPU
	EndGlobalSection
	GlobalSection(ProjectConfigurationPlatforms) = postSolution
		{CC3DB97C-936B-4AA5-A8F2-2F0404E84397}.Debug|Any CPU.ActiveCfg = Debug|Any CPU
		{CC3DB97C-936B-4AA5-A8F2-2F0404E84397}.Debug|Any CPU.Build.0 = Debug|Any CPU
		{CC3DB97C-936B-4AA5-A8F2-2F0404E84397}.Release|Any CPU.ActiveCfg = Release|Any CPU
		{CC3DB97C-936B-4AA5-A8F2-2F0404E84397}.Release|Any CPU.Build.0 = Release|Any CPU
	EndGlobalSection
	GlobalSection(SolutionProperties) = preSolution
		HideSolutionNode = FALSE
	EndGlobalSection
	GlobalSection(ExtensibilityGlobals) = postSolution
		SolutionGuid = {DA364A26-26A8-4547-8CC5-D66F153DF2A2}
	EndGlobalSection
EndGlobal
